
Microsoft Visual Studio Solution File, Format Version 12.00
# Visual Studio Version 17
VisualStudioVersion = 17.2.32408.312
MinimumVisualStudioVersion = 10.0.40219.1
Project("{888888A0-9F3D-457C-B088-3A5042F75D52}") = "Approximation", "Approximation\Approximation.pyproj", "{7868D338-DB79-42BB-B608-0B6F983EA729}"
EndProject
Project("{888888A0-9F3D-457C-B088-3A5042F75D52}") = "Schedule", "Schedule\Schedule.pyproj", "{B3FC34E4-E8B7-4B71-B3EE-24996518AABF}"
EndProject
Global
	GlobalSection(SolutionConfigurationPlatforms) = preSolution
		Debug|Any CPU = Debug|Any CPU
		Debug|x64 = Debug|x64
		Debug|x86 = Debug|x86
		Release|Any CPU = Release|Any CPU
		Release|x64 = Release|x64
		Release|x86 = Release|x86
	EndGlobalSection
	GlobalSection(ProjectConfigurationPlatforms) = postSolution
		{7868D338-DB79-42BB-B608-0B6F983EA729}.Debug|Any CPU.ActiveCfg = Debug|Any CPU
		{7868D338-DB79-42BB-B608-0B6F983EA729}.Debug|x64.ActiveCfg = Debug|Any CPU
		{7868D338-DB79-42BB-B608-0B6F983EA729}.Debug|x86.ActiveCfg = Debug|Any CPU
		{7868D338-DB79-42BB-B608-0B6F983EA729}.Release|Any CPU.ActiveCfg = Release|Any CPU
		{7868D338-DB79-42BB-B608-0B6F983EA729}.Release|x64.ActiveCfg = Release|Any CPU
		{7868D338-DB79-42BB-B608-0B6F983EA729}.Release|x86.ActiveCfg = Release|Any CPU
		{B3FC34E4-E8B7-4B71-B3EE-24996518AABF}.Debug|Any CPU.ActiveCfg = Debug|Any CPU
		{B3FC34E4-E8B7-4B71-B3EE-24996518AABF}.Debug|x64.ActiveCfg = Debug|Any CPU
		{B3FC34E4-E8B7-4B71-B3EE-24996518AABF}.Debug|x86.ActiveCfg = Debug|Any CPU
		{B3FC34E4-E8B7-4B71-B3EE-24996518AABF}.Release|Any CPU.ActiveCfg = Release|Any CPU
		{B3FC34E4-E8B7-4B71-B3EE-24996518AABF}.Release|x64.ActiveCfg = Release|Any CPU
		{B3FC34E4-E8B7-4B71-B3EE-24996518AABF}.Release|x86.ActiveCfg = Release|Any CPU
	EndGlobalSection
	GlobalSection(SolutionProperties) = preSolution
		HideSolutionNode = FALSE
	EndGlobalSection
	GlobalSection(ExtensibilityGlobals) = postSolution
		SolutionGuid = {593AD40C-2660-4EE9-9BE7-8A95BA185574}
	EndGlobalSection
EndGlobal
